
Microsoft Visual Studio Solution File, Format Version 12.00
# Visual Studio Version 16
VisualStudioVersion = 16.0.29509.3
MinimumVisualStudioVersion = 10.0.40219.1
Project("{FAE04EC0-301F-11D3-BF4B-00C04F79EFBC}") = "PrestamosWebApp", "PrestamosWebApp\PrestamosWebApp.csproj", "{C56CD927-688A-4A53-BD8D-4DC2826FEFC0}"
EndProject
Global
	GlobalSection(SolutionConfigurationPlatforms) = preSolution
		Debug|Any CPU = Debug|Any CPU
		Release|Any CPU = Release|Any CPU
	EndGlobalSection
	GlobalSection(ProjectConfigurationPlatforms) = postSolution
		{C56CD927-688A-4A53-BD8D-4DC2826FEFC0}.Debug|Any CPU.ActiveCfg = Debug|Any CPU
		{C56CD927-688A-4A53-BD8D-4DC2826FEFC0}.Debug|Any CPU.Build.0 = Debug|Any CPU
		{C56CD927-688A-4A53-BD8D-4DC2826FEFC0}.Release|Any CPU.ActiveCfg = Release|Any CPU
		{C56CD927-688A-4A53-BD8D-4DC2826FEFC0}.Release|Any CPU.Build.0 = Release|Any CPU
	EndGlobalSection
	GlobalSection(SolutionProperties) = preSolution
		HideSolutionNode = FALSE
	EndGlobalSection
	GlobalSection(ExtensibilityGlobals) = postSolution
		SolutionGuid = {A9DEF999-0E25-4021-A932-1334BA885B04}
	EndGlobalSection
EndGlobal
